// !$*UTF8*$!
{
	archiveVersion = 1;
	classes = {
	};
	objectVersion = 50;
	objects = {

/* Begin PBXBuildFile section */
		10EB2BC125CB7FA1002D250E /* SwiftUIMVVMExampleApp.swift in Sources */ = {isa = PBXBuildFile; fileRef = 10EB2BC025CB7FA1002D250E /* SwiftUIMVVMExampleApp.swift */; };
		10EB2BC325CB7FA1002D250E /* Example3.swift in Sources */ = {isa = PBXBuildFile; fileRef = 10EB2BC225CB7FA1002D250E /* Example3.swift */; };
		10EB2BC525CB7FA5002D250E /* Assets.xcassets in Resources */ = {isa = PBXBuildFile; fileRef = 10EB2BC425CB7FA5002D250E /* Assets.xcassets */; };
		10EB2BC825CB7FA5002D250E /* Preview Assets.xcassets in Resources */ = {isa = PBXBuildFile; fileRef = 10EB2BC725CB7FA5002D250E /* Preview Assets.xcassets */; };
		10EB2BD225CB7FC4002D250E /* Employee.swift in Sources */ = {isa = PBXBuildFile; fileRef = 10EB2BD125CB7FC4002D250E /* Employee.swift */; };
		10EB2BD625CB808B002D250E /* EmployeeViewModel.swift in Sources */ = {isa = PBXBuildFile; fileRef = 10EB2BD525CB808B002D250E /* EmployeeViewModel.swift */; };
		10EB2BD925CB80BA002D250E /* Extensions.swift in Sources */ = {isa = PBXBuildFile; fileRef = 10EB2BD825CB80BA002D250E /* Extensions.swift */; };
		10EB2BDE25CB9377002D250E /* Employees.json in Resources */ = {isa = PBXBuildFile; fileRef = 10EB2BDC25CB909B002D250E /* Employees.json */; };
		10EB2BE125CB94A3002D250E /* Example1.swift in Sources */ = {isa = PBXBuildFile; fileRef = 10EB2BE025CB94A3002D250E /* Example1.swift */; };
		10EB2BE525CD3383002D250E /* Example4.swift in Sources */ = {isa = PBXBuildFile; fileRef = 10EB2BE425CD3383002D250E /* Example4.swift */; };
		10EB2BE925CD3549002D250E /* Menus.json in Resources */ = {isa = PBXBuildFile; fileRef = 10EB2BE825CD3549002D250E /* Menus.json */; };
		10EB2BED25CD35B0002D250E /* Menu.swift in Sources */ = {isa = PBXBuildFile; fileRef = 10EB2BEC25CD35B0002D250E /* Menu.swift */; };
		10EB2BF125CE15B0002D250E /* Example2.swift in Sources */ = {isa = PBXBuildFile; fileRef = 10EB2BF025CE15B0002D250E /* Example2.swift */; };
		10EB2BF625CE55C8002D250E /* EmployeeRowView.swift in Sources */ = {isa = PBXBuildFile; fileRef = 10EB2BF525CE55C8002D250E /* EmployeeRowView.swift */; };
		10EB2BFA25CE5910002D250E /* ScrollViewOfYearRanges.swift in Sources */ = {isa = PBXBuildFile; fileRef = 10EB2BF925CE5910002D250E /* ScrollViewOfYearRanges.swift */; };
/* End PBXBuildFile section */

/* Begin PBXFileReference section */
		10EB2BBD25CB7FA1002D250E /* SwiftUIMVVMExample.app */ = {isa = PBXFileReference; explicitFileType = wrapper.application; includeInIndex = 0; path = SwiftUIMVVMExample.app; sourceTree = BUILT_PRODUCTS_DIR; };
		10EB2BC025CB7FA1002D250E /* SwiftUIMVVMExampleApp.swift */ = {isa = PBXFileReference; lastKnownFileType = sourcecode.swift; path = SwiftUIMVVMExampleApp.swift; sourceTree = "<group>"; };
		10EB2BC225CB7FA1002D250E /* Example3.swift */ = {isa = PBXFileReference; lastKnownFileType = sourcecode.swift; path = Example3.swift; sourceTree = "<group>"; };
		10EB2BC425CB7FA5002D250E /* Assets.xcassets */ = {isa = PBXFileReference; lastKnownFileType = folder.assetcatalog; path = Assets.xcassets; sourceTree = "<group>"; };
		10EB2BC725CB7FA5002D250E /* Preview Assets.xcassets */ = {isa = PBXFileReference; lastKnownFileType = folder.assetcatalog; path = "Preview Assets.xcassets"; sourceTree = "<group>"; };
		10EB2BC925CB7FA5002D250E /* Info.plist */ = {isa = PBXFileReference; lastKnownFileType = text.plist.xml; path = Info.plist; sourceTree = "<group>"; };
		10EB2BD125CB7FC4002D250E /* Employee.swift */ = {isa = PBXFileReference; lastKnownFileType = sourcecode.swift; path = Employee.swift; sourceTree = "<group>"; };
		10EB2BD525CB808B002D250E /* EmployeeViewModel.swift */ = {isa = PBXFileReference; lastKnownFileType = sourcecode.swift; path = EmployeeViewModel.swift; sourceTree = "<group>"; };
		10EB2BD825CB80BA002D250E /* Extensions.swift */ = {isa = PBXFileReference; lastKnownFileType = sourcecode.swift; path = Extensions.swift; sourceTree = "<group>"; };
		10EB2BDC25CB909B002D250E /* Employees.json */ = {isa = PBXFileReference; lastKnownFileType = text.json; path = Employees.json; sourceTree = "<group>"; };
		10EB2BE025CB94A3002D250E /* Example1.swift */ = {isa = PBXFileReference; lastKnownFileType = sourcecode.swift; path = Example1.swift; sourceTree = "<group>"; };
		10EB2BE425CD3383002D250E /* Example4.swift */ = {isa = PBXFileReference; lastKnownFileType = sourcecode.swift; path = Example4.swift; sourceTree = "<group>"; };
		10EB2BE825CD3549002D250E /* Menus.json */ = {isa = PBXFileReference; lastKnownFileType = text.json; path = Menus.json; sourceTree = "<group>"; };
		10EB2BEC25CD35B0002D250E /* Menu.swift */ = {isa = PBXFileReference; lastKnownFileType = sourcecode.swift; path = Menu.swift; sourceTree = "<group>"; };
		10EB2BF025CE15B0002D250E /* Example2.swift */ = {isa = PBXFileReference; lastKnownFileType = sourcecode.swift; path = Example2.swift; sourceTree = "<group>"; };
		10EB2BF525CE55C8002D250E /* EmployeeRowView.swift */ = {isa = PBXFileReference; lastKnownFileType = sourcecode.swift; path = EmployeeRowView.swift; sourceTree = "<group>"; };
		10EB2BF925CE5910002D250E /* ScrollViewOfYearRanges.swift */ = {isa = PBXFileReference; lastKnownFileType = sourcecode.swift; path = ScrollViewOfYearRanges.swift; sourceTree = "<group>"; };
/* End PBXFileReference section */

/* Begin PBXFrameworksBuildPhase section */
		10EB2BBA25CB7FA1002D250E /* Frameworks */ = {
			isa = PBXFrameworksBuildPhase;
			buildActionMask = 2147483647;
			files = (
			);
			runOnlyForDeploymentPostprocessing = 0;
		};
/* End PBXFrameworksBuildPhase section */

/* Begin PBXGroup section */
		10EB2BB425CB7FA1002D250E = {
			isa = PBXGroup;
			children = (
				10EB2BBF25CB7FA1002D250E /* SwiftUIMVVMExample */,
				10EB2BBE25CB7FA1002D250E /* Products */,
			);
			sourceTree = "<group>";
		};
		10EB2BBE25CB7FA1002D250E /* Products */ = {
			isa = PBXGroup;
			children = (
				10EB2BBD25CB7FA1002D250E /* SwiftUIMVVMExample.app */,
			);
			name = Products;
			sourceTree = "<group>";
		};
		10EB2BBF25CB7FA1002D250E /* SwiftUIMVVMExample */ = {
			isa = PBXGroup;
			children = (
				10EB2BF425CE2261002D250E /* Views */,
				10EB2BDB25CB9082002D250E /* Resources */,
				10EB2BF325CE2234002D250E /* ViewModels */,
				10EB2BD025CB7FB6002D250E /* Models */,
				10EB2BC025CB7FA1002D250E /* SwiftUIMVVMExampleApp.swift */,
				10EB2BD825CB80BA002D250E /* Extensions.swift */,
				10EB2BC425CB7FA5002D250E /* Assets.xcassets */,
				10EB2BC925CB7FA5002D250E /* Info.plist */,
				10EB2BC625CB7FA5002D250E /* Preview Content */,
			);
			path = SwiftUIMVVMExample;
			sourceTree = "<group>";
		};
		10EB2BC625CB7FA5002D250E /* Preview Content */ = {
			isa = PBXGroup;
			children = (
				10EB2BC725CB7FA5002D250E /* Preview Assets.xcassets */,
			);
			path = "Preview Content";
			sourceTree = "<group>";
		};
		10EB2BD025CB7FB6002D250E /* Models */ = {
			isa = PBXGroup;
			children = (
				10EB2BD125CB7FC4002D250E /* Employee.swift */,
			);
			path = Models;
			sourceTree = "<group>";
		};
		10EB2BDB25CB9082002D250E /* Resources */ = {
			isa = PBXGroup;
			children = (
				10EB2BDC25CB909B002D250E /* Employees.json */,
				10EB2BE825CD3549002D250E /* Menus.json */,
			);
			path = Resources;
			sourceTree = "<group>";
		};
		10EB2BF325CE2234002D250E /* ViewModels */ = {
			isa = PBXGroup;
			children = (
				10EB2BD525CB808B002D250E /* EmployeeViewModel.swift */,
			);
			path = ViewModels;
			sourceTree = "<group>";
		};
		10EB2BF425CE2261002D250E /* Views */ = {
			isa = PBXGroup;
			children = (
				10EB2BEC25CD35B0002D250E /* Menu.swift */,
				10EB2BE025CB94A3002D250E /* Example1.swift */,
				10EB2BF025CE15B0002D250E /* Example2.swift */,
				10EB2BC225CB7FA1002D250E /* Example3.swift */,
				10EB2BE425CD3383002D250E /* Example4.swift */,
				10EB2BF525CE55C8002D250E /* EmployeeRowView.swift */,
				10EB2BF925CE5910002D250E /* ScrollViewOfYearRanges.swift */,
			);
			path = Views;
			sourceTree = "<group>";
		};
/* End PBXGroup section */

/* Begin PBXNativeTarget section */
		10EB2BBC25CB7FA1002D250E /* SwiftUIMVVMExample */ = {
			isa = PBXNativeTarget;
			buildConfigurationList = 10EB2BCC25CB7FA5002D250E /* Build configuration list for PBXNativeTarget "SwiftUIMVVMExample" */;
			buildPhases = (
				10EB2BB925CB7FA1002D250E /* Sources */,
				10EB2BBA25CB7FA1002D250E /* Frameworks */,
				10EB2BBB25CB7FA1002D250E /* Resources */,
			);
			buildRules = (
			);
			dependencies = (
			);
			name = SwiftUIMVVMExample;
			productName = SwiftUIMVVMExample;
			productReference = 10EB2BBD25CB7FA1002D250E /* SwiftUIMVVMExample.app */;
			productType = "com.apple.product-type.application";
		};
/* End PBXNativeTarget section */

/* Begin PBXProject section */
		10EB2BB525CB7FA1002D250E /* Project object */ = {
			isa = PBXProject;
			attributes = {
				LastSwiftUpdateCheck = 1220;
				LastUpgradeCheck = 1220;
				TargetAttributes = {
					10EB2BBC25CB7FA1002D250E = {
						CreatedOnToolsVersion = 12.2;
					};
				};
			};
			buildConfigurationList = 10EB2BB825CB7FA1002D250E /* Build configuration list for PBXProject "SwiftUIMVVMExample" */;
			compatibilityVersion = "Xcode 9.3";
			developmentRegion = en;
			hasScannedForEncodings = 0;
			knownRegions = (
				en,
				Base,
			);
			mainGroup = 10EB2BB425CB7FA1002D250E;
			productRefGroup = 10EB2BBE25CB7FA1002D250E /* Products */;
			projectDirPath = "";
			projectRoot = "";
			targets = (
				10EB2BBC25CB7FA1002D250E /* SwiftUIMVVMExample */,
			);
		};
/* End PBXProject section */

/* Begin PBXResourcesBuildPhase section */
		10EB2BBB25CB7FA1002D250E /* Resources */ = {
			isa = PBXResourcesBuildPhase;
			buildActionMask = 2147483647;
			files = (
				10EB2BDE25CB9377002D250E /* Employees.json in Resources */,
				10EB2BC825CB7FA5002D250E /* Preview Assets.xcassets in Resources */,
				10EB2BE925CD3549002D250E /* Menus.json in Resources */,
				10EB2BC525CB7FA5002D250E /* Assets.xcassets in Resources */,
			);
			runOnlyForDeploymentPostprocessing = 0;
		};
/* End PBXResourcesBuildPhase section */

/* Begin PBXSourcesBuildPhase section */
		10EB2BB925CB7FA1002D250E /* Sources */ = {
			isa = PBXSourcesBuildPhase;
			buildActionMask = 2147483647;
			files = (
				10EB2BE125CB94A3002D250E /* Example1.swift in Sources */,
				10EB2BD925CB80BA002D250E /* Extensions.swift in Sources */,
				10EB2BED25CD35B0002D250E /* Menu.swift in Sources */,
				10EB2BC325CB7FA1002D250E /* Example3.swift in Sources */,
				10EB2BFA25CE5910002D250E /* ScrollViewOfYearRanges.swift in Sources */,
				10EB2BD225CB7FC4002D250E /* Employee.swift in Sources */,
				10EB2BD625CB808B002D250E /* EmployeeViewModel.swift in Sources */,
				10EB2BE525CD3383002D250E /* Example4.swift in Sources */,
				10EB2BF125CE15B0002D250E /* Example2.swift in Sources */,
				10EB2BC125CB7FA1002D250E /* SwiftUIMVVMExampleApp.swift in Sources */,
				10EB2BF625CE55C8002D250E /* EmployeeRowView.swift in Sources */,
			);
			runOnlyForDeploymentPostprocessing = 0;
		};
/* End PBXSourcesBuildPhase section */

/* Begin XCBuildConfiguration section */
		10EB2BCA25CB7FA5002D250E /* Debug */ = {
			isa = XCBuildConfiguration;
			buildSettings = {
				ALWAYS_SEARCH_USER_PATHS = NO;
				CLANG_ANALYZER_NONNULL = YES;
				CLANG_ANALYZER_NUMBER_OBJECT_CONVERSION = YES_AGGRESSIVE;
				CLANG_CXX_LANGUAGE_STANDARD = "gnu++14";
				CLANG_CXX_LIBRARY = "libc++";
				CLANG_ENABLE_MODULES = YES;
				CLANG_ENABLE_OBJC_ARC = YES;
				CLANG_ENABLE_OBJC_WEAK = YES;
				CLANG_WARN_BLOCK_CAPTURE_AUTORELEASING = YES;
				CLANG_WARN_BOOL_CONVERSION = YES;
				CLANG_WARN_COMMA = YES;
				CLANG_WARN_CONSTANT_CONVERSION = YES;
				CLANG_WARN_DEPRECATED_OBJC_IMPLEMENTATIONS = YES;
				CLANG_WARN_DIRECT_OBJC_ISA_USAGE = YES_ERROR;
				CLANG_WARN_DOCUMENTATION_COMMENTS = YES;
				CLANG_WARN_EMPTY_BODY = YES;
				CLANG_WARN_ENUM_CONVERSION = YES;
				CLANG_WARN_INFINITE_RECURSION = YES;
				CLANG_WARN_INT_CONVERSION = YES;
				CLANG_WARN_NON_LITERAL_NULL_CONVERSION = YES;
				CLANG_WARN_OBJC_IMPLICIT_RETAIN_SELF = YES;
				CLANG_WARN_OBJC_LITERAL_CONVERSION = YES;
				CLANG_WARN_OBJC_ROOT_CLASS = YES_ERROR;
				CLANG_WARN_QUOTED_INCLUDE_IN_FRAMEWORK_HEADER = YES;
				CLANG_WARN_RANGE_LOOP_ANALYSIS = YES;
				CLANG_WARN_STRICT_PROTOTYPES = YES;
				CLANG_WARN_SUSPICIOUS_MOVE = YES;
				CLANG_WARN_UNGUARDED_AVAILABILITY = YES_AGGRESSIVE;
				CLANG_WARN_UNREACHABLE_CODE = YES;
				CLANG_WARN__DUPLICATE_METHOD_MATCH = YES;
				COPY_PHASE_STRIP = NO;
				DEBUG_INFORMATION_FORMAT = dwarf;
				ENABLE_STRICT_OBJC_MSGSEND = YES;
				ENABLE_TESTABILITY = YES;
				GCC_C_LANGUAGE_STANDARD = gnu11;
				GCC_DYNAMIC_NO_PIC = NO;
				GCC_NO_COMMON_BLOCKS = YES;
				GCC_OPTIMIZATION_LEVEL = 0;
				GCC_PREPROCESSOR_DEFINITIONS = (
					"DEBUG=1",
					"$(inherited)",
				);
				GCC_WARN_64_TO_32_BIT_CONVERSION = YES;
				GCC_WARN_ABOUT_RETURN_TYPE = YES_ERROR;
				GCC_WARN_UNDECLARED_SELECTOR = YES;
				GCC_WARN_UNINITIALIZED_AUTOS = YES_AGGRESSIVE;
				GCC_WARN_UNUSED_FUNCTION = YES;
				GCC_WARN_UNUSED_VARIABLE = YES;
				IPHONEOS_DEPLOYMENT_TARGET = 14.2;
				MTL_ENABLE_DEBUG_INFO = INCLUDE_SOURCE;
				MTL_FAST_MATH = YES;
				ONLY_ACTIVE_ARCH = YES;
				SDKROOT = iphoneos;
				SWIFT_ACTIVE_COMPILATION_CONDITIONS = DEBUG;
				SWIFT_OPTIMIZATION_LEVEL = "-Onone";
			};
			name = Debug;
		};
		10EB2BCB25CB7FA5002D250E /* Release */ = {
			isa = XCBuildConfiguration;
			buildSettings = {
				ALWAYS_SEARCH_USER_PATHS = NO;
				CLANG_ANALYZER_NONNULL = YES;
				CLANG_ANALYZER_NUMBER_OBJECT_CONVERSION = YES_AGGRESSIVE;
				CLANG_CXX_LANGUAGE_STANDARD = "gnu++14";
				CLANG_CXX_LIBRARY = "libc++";
				CLANG_ENABLE_MODULES = YES;
				CLANG_ENABLE_OBJC_ARC = YES;
				CLANG_ENABLE_OBJC_WEAK = YES;
				CLANG_WARN_BLOCK_CAPTURE_AUTORELEASING = YES;
				CLANG_WARN_BOOL_CONVERSION = YES;
				CLANG_WARN_COMMA = YES;
				CLANG_WARN_CONSTANT_CONVERSION = YES;
				CLANG_WARN_DEPRECATED_OBJC_IMPLEMENTATIONS = YES;
				CLANG_WARN_DIRECT_OBJC_ISA_USAGE = YES_ERROR;
				CLANG_WARN_DOCUMENTATION_COMMENTS = YES;
				CLANG_WARN_EMPTY_BODY = YES;
				CLANG_WARN_ENUM_CONVERSION = YES;
				CLANG_WARN_INFINITE_RECURSION = YES;
				CLANG_WARN_INT_CONVERSION = YES;
				CLANG_WARN_NON_LITERAL_NULL_CONVERSION = YES;
				CLANG_WARN_OBJC_IMPLICIT_RETAIN_SELF = YES;
				CLANG_WARN_OBJC_LITERAL_CONVERSION = YES;
				CLANG_WARN_OBJC_ROOT_CLASS = YES_ERROR;
				CLANG_WARN_QUOTED_INCLUDE_IN_FRAMEWORK_HEADER = YES;
				CLANG_WARN_RANGE_LOOP_ANALYSIS = YES;
				CLANG_WARN_STRICT_PROTOTYPES = YES;
				CLANG_WARN_SUSPICIOUS_MOVE = YES;
				CLANG_WARN_UNGUARDED_AVAILABILITY = YES_AGGRESSIVE;
				CLANG_WARN_UNREACHABLE_CODE = YES;
				CLANG_WARN__DUPLICATE_METHOD_MATCH = YES;
				COPY_PHASE_STRIP = NO;
				DEBUG_INFORMATION_FORMAT = "dwarf-with-dsym";
				ENABLE_NS_ASSERTIONS = NO;
				ENABLE_STRICT_OBJC_MSGSEND = YES;
				GCC_C_LANGUAGE_STANDARD = gnu11;
				GCC_NO_COMMON_BLOCKS = YES;
				GCC_WARN_64_TO_32_BIT_CONVERSION = YES;
				GCC_WARN_ABOUT_RETURN_TYPE = YES_ERROR;
				GCC_WARN_UNDECLARED_SELECTOR = YES;
				GCC_WARN_UNINITIALIZED_AUTOS = YES_AGGRESSIVE;
				GCC_WARN_UNUSED_FUNCTION = YES;
				GCC_WARN_UNUSED_VARIABLE = YES;
				IPHONEOS_DEPLOYMENT_TARGET = 14.2;
				MTL_ENABLE_DEBUG_INFO = NO;
				MTL_FAST_MATH = YES;
				SDKROOT = iphoneos;
				SWIFT_COMPILATION_MODE = wholemodule;
				SWIFT_OPTIMIZATION_LEVEL = "-O";
				VALIDATE_PRODUCT = YES;
			};
			name = Release;
		};
		10EB2BCD25CB7FA5002D250E /* Debug */ = {
			isa = XCBuildConfiguration;
			buildSettings = {
				ASSETCATALOG_COMPILER_APPICON_NAME = AppIcon;
				ASSETCATALOG_COMPILER_GLOBAL_ACCENT_COLOR_NAME = AccentColor;
				CODE_SIGN_STYLE = Automatic;
				DEVELOPMENT_ASSET_PATHS = "\"SwiftUIMVVMExample/Preview Content\"";
				DEVELOPMENT_TEAM = 69FAF79796;
				ENABLE_PREVIEWS = YES;
				INFOPLIST_FILE = SwiftUIMVVMExample/Info.plist;
				IPHONEOS_DEPLOYMENT_TARGET = 14.0;
				LD_RUNPATH_SEARCH_PATHS = (
					"$(inherited)",
					"@executable_path/Frameworks",
				);
				PRODUCT_BUNDLE_IDENTIFIER = com.techchee.apps.swiftuitut.SwiftUIMVVMExample;
				PRODUCT_NAME = "$(TARGET_NAME)";
				SWIFT_VERSION = 5.0;
				TARGETED_DEVICE_FAMILY = "1,2";
			};
			name = Debug;
		};
		10EB2BCE25CB7FA5002D250E /* Release */ = {
			isa = XCBuildConfiguration;
			buildSettings = {
				ASSETCATALOG_COMPILER_APPICON_NAME = AppIcon;
				ASSETCATALOG_COMPILER_GLOBAL_ACCENT_COLOR_NAME = AccentColor;
				CODE_SIGN_STYLE = Automatic;
				DEVELOPMENT_ASSET_PATHS = "\"SwiftUIMVVMExample/Preview Content\"";
				DEVELOPMENT_TEAM = 69FAF79796;
				ENABLE_PREVIEWS = YES;
				INFOPLIST_FILE = SwiftUIMVVMExample/Info.plist;
				IPHONEOS_DEPLOYMENT_TARGET = 14.0;
				LD_RUNPATH_SEARCH_PATHS = (
					"$(inherited)",
					"@executable_path/Frameworks",
				);
				PRODUCT_BUNDLE_IDENTIFIER = com.techchee.apps.swiftuitut.SwiftUIMVVMExample;
				PRODUCT_NAME = "$(TARGET_NAME)";
				SWIFT_VERSION = 5.0;
				TARGETED_DEVICE_FAMILY = "1,2";
			};
			name = Release;
		};
/* End XCBuildConfiguration section */

/* Begin XCConfigurationList section */
		10EB2BB825CB7FA1002D250E /* Build configuration list for PBXProject "SwiftUIMVVMExample" */ = {
			isa = XCConfigurationList;
			buildConfigurations = (
				10EB2BCA25CB7FA5002D250E /* Debug */,
				10EB2BCB25CB7FA5002D250E /* Release */,
			);
			defaultConfigurationIsVisible = 0;
			defaultConfigurationName = Release;
		};
		10EB2BCC25CB7FA5002D250E /* Build configuration list for PBXNativeTarget "SwiftUIMVVMExample" */ = {
			isa = XCConfigurationList;
			buildConfigurations = (
				10EB2BCD25CB7FA5002D250E /* Debug */,
				10EB2BCE25CB7FA5002D250E /* Release */,
			);
			defaultConfigurationIsVisible = 0;
			defaultConfigurationName = Release;
		};
/* End XCConfigurationList section */
	};
	rootObject = 10EB2BB525CB7FA1002D250E /* Project object */;
}
